Microsoft Visual Studio Solution File, Format Version 12.00
# Visual Studio Version 17
VisualStudioVersion = 17.5.2.0
MinimumVisualStudioVersion = 10.0.40219.1
Project("{FAE04EC0-301F-11D3-BF4B-00C04F79EFBC}") = "GradeTicketTriangleApp", "GradeTicketTriangleApp.csproj", "{FDFBEAB4-14EB-68E5-1C0D-5F6EEAF51926}"
EndProject
Global
	GlobalSection(SolutionConfigurationPlatforms) = preSolution
		Debug|Any CPU = Debug|Any CPU
		Release|Any CPU = Release|Any CPU
	EndGlobalSection
	GlobalSection(ProjectConfigurationPlatforms) = postSolution
		{FDFBEAB4-14EB-68E5-1C0D-5F6EEAF51926}.Debug|Any CPU.ActiveCfg = Debug|Any CPU
		{FDFBEAB4-14EB-68E5-1C0D-5F6EEAF51926}.Debug|Any CPU.Build.0 = Debug|Any CPU
		{FDFBEAB4-14EB-68E5-1C0D-5F6EEAF51926}.Release|Any CPU.ActiveCfg = Release|Any CPU
		{FDFBEAB4-14EB-68E5-1C0D-5F6EEAF51926}.Release|Any CPU.Build.0 = Release|Any CPU
	EndGlobalSection
	GlobalSection(SolutionProperties) = preSolution
		HideSolutionNode = FALSE
	EndGlobalSection
	GlobalSection(ExtensibilityGlobals) = postSolution
		SolutionGuid = {86F3F520-9C42-4EC6-9B38-F1F1AA993856}
	EndGlobalSection
EndGlobal
